// !$*UTF8*$!
{
	archiveVersion = 1;
	classes = {
	};
	objectVersion = 46;
	objects = {

/* Begin PBXBuildFile section */
		E49CB3F91D2E5CF5005242D1 /* main.m in Sources */ = {isa = PBXBuildFile; fileRef = E49CB3F81D2E5CF5005242D1 /* main.m */; };
		E49CB3FC1D2E5CF5005242D1 /* AppDelegate.m in Sources */ = {isa = PBXBuildFile; fileRef = E49CB3FB1D2E5CF5005242D1 /* AppDelegate.m */; };
		E49CB3FF1D2E5CF5005242D1 /* ViewController.m in Sources */ = {isa = PBXBuildFile; fileRef = E49CB3FE1D2E5CF5005242D1 /* ViewController.m */; };
		E49CB4021D2E5CF5005242D1 /* Main.storyboard in Resources */ = {isa = PBXBuildFile; fileRef = E49CB4001D2E5CF5005242D1 /* Main.storyboard */; };
		E49CB4051D2E5CF5005242D1 /* TODO.xcdatamodeld in Sources */ = {isa = PBXBuildFile; fileRef = E49CB4031D2E5CF5005242D1 /* TODO.xcdatamodeld */; };
		E49CB4071D2E5CF5005242D1 /* Assets.xcassets in Resources */ = {isa = PBXBuildFile; fileRef = E49CB4061D2E5CF5005242D1 /* Assets.xcassets */; };
		E49CB40A1D2E5CF5005242D1 /* LaunchScreen.storyboard in Resources */ = {isa = PBXBuildFile; fileRef = E49CB4081D2E5CF5005242D1 /* LaunchScreen.storyboard */; };
		E49CB4151D2E5CF5005242D1 /* TODOTests.m in Sources */ = {isa = PBXBuildFile; fileRef = E49CB4141D2E5CF5005242D1 /* TODOTests.m */; };
		E49CB4201D2E5CF5005242D1 /* TODOUITests.m in Sources */ = {isa = PBXBuildFile; fileRef = E49CB41F1D2E5CF5005242D1 /* TODOUITests.m */; };
/* End PBXBuildFile section */

/* Begin PBXContainerItemProxy section */
		E49CB4111D2E5CF5005242D1 /* PBXContainerItemProxy */ = {
			isa = PBXContainerItemProxy;
			containerPortal = E49CB3EC1D2E5CF5005242D1 /* Project object */;
			proxyType = 1;
			remoteGlobalIDString = E49CB3F31D2E5CF5005242D1;
			remoteInfo = TODO;
		};
		E49CB41C1D2E5CF5005242D1 /* PBXContainerItemProxy */ = {
			isa = PBXContainerItemProxy;
			containerPortal = E49CB3EC1D2E5CF5005242D1 /* Project object */;
			proxyType = 1;
			remoteGlobalIDString = E49CB3F31D2E5CF5005242D1;
			remoteInfo = TODO;
		};
/* End PBXContainerItemProxy section */

/* Begin PBXFileReference section */
		E49CB3F41D2E5CF5005242D1 /* TODO.app */ = {isa = PBXFileReference; explicitFileType = wrapper.application; includeInIndex = 0; path = TODO.app; sourceTree = BUILT_PRODUCTS_DIR; };
		E49CB3F81D2E5CF5005242D1 /* main.m */ = {isa = PBXFileReference; lastKnownFileType = sourcecode.c.objc; path = main.m; sourceTree = "<group>"; };
		E49CB3FA1D2E5CF5005242D1 /* AppDelegate.h */ = {isa = PBXFileReference; lastKnownFileType = sourcecode.c.h; path = AppDelegate.h; sourceTree = "<group>"; };
		E49CB3FB1D2E5CF5005242D1 /* AppDelegate.m */ = {isa = PBXFileReference; lastKnownFileType = sourcecode.c.objc; path = AppDelegate.m; sourceTree = "<group>"; };
		E49CB3FD1D2E5CF5005242D1 /* ViewController.h */ = {isa = PBXFileReference; lastKnownFileType = sourcecode.c.h; path = ViewController.h; sourceTree = "<group>"; };
		E49CB3FE1D2E5CF5005242D1 /* ViewController.m */ = {isa = PBXFileReference; lastKnownFileType = sourcecode.c.objc; path = ViewController.m; sourceTree = "<group>"; };
		E49CB4011D2E5CF5005242D1 /* Base */ = {isa = PBXFileReference; lastKnownFileType = file.storyboard; name = Base; path = Base.lproj/Main.storyboard; sourceTree = "<group>"; };
		E49CB4041D2E5CF5005242D1 /* TODO.xcdatamodel */ = {isa = PBXFileReference; lastKnownFileType = wrapper.xcdatamodel; path = TODO.xcdatamodel; sourceTree = "<group>"; };
		E49CB4061D2E5CF5005242D1 /* Assets.xcassets */ = {isa = PBXFileReference; lastKnownFileType = folder.assetcatalog; path = Assets.xcassets; sourceTree = "<group>"; };
		E49CB4091D2E5CF5005242D1 /* Base */ = {isa = PBXFileReference; lastKnownFileType = file.storyboard; name = Base; path = Base.lproj/LaunchScreen.storyboard; sourceTree = "<group>"; };
		E49CB40B1D2E5CF5005242D1 /* Info.plist */ = {isa = PBXFileReference; lastKnownFileType = text.plist.xml; path = Info.plist; sourceTree = "<group>"; };
		E49CB4101D2E5CF5005242D1 /* TODOTests.xctest */ = {isa = PBXFileReference; explicitFileType = wrapper.cfbundle; includeInIndex = 0; path = TODOTests.xctest; sourceTree = BUILT_PRODUCTS_DIR; };
		E49CB4141D2E5CF5005242D1 /* TODOTests.m */ = {isa = PBXFileReference; lastKnownFileType = sourcecode.c.objc; path = TODOTests.m; sourceTree = "<group>"; };
		E49CB4161D2E5CF5005242D1 /* Info.plist */ = {isa = PBXFileReference; lastKnownFileType = text.plist.xml; path = Info.plist; sourceTree = "<group>"; };
		E49CB41B1D2E5CF5005242D1 /* TODOUITests.xctest */ = {isa = PBXFileReference; explicitFileType = wrapper.cfbundle; includeInIndex = 0; path = TODOUITests.xctest; sourceTree = BUILT_PRODUCTS_DIR; };
		E49CB41F1D2E5CF5005242D1 /* TODOUITests.m */ = {isa = PBXFileReference; lastKnownFileType = sourcecode.c.objc; path = TODOUITests.m; sourceTree = "<group>"; };
		E49CB4211D2E5CF5005242D1 /* Info.plist */ = {isa = PBXFileReference; lastKnownFileType = text.plist.xml; path = Info.plist; sourceTree = "<group>"; };
/* End PBXFileReference section */

/* Begin PBXFrameworksBuildPhase section */
		E49CB3F11D2E5CF5005242D1 /* Frameworks */ = {
			isa = PBXFrameworksBuildPhase;
			buildActionMask = 2147483647;
			files = (
			);
			runOnlyForDeploymentPostprocessing = 0;
		};
		E49CB40D1D2E5CF5005242D1 /* Frameworks */ = {
			isa = PBXFrameworksBuildPhase;
			buildActionMask = 2147483647;
			files = (
			);
			runOnlyForDeploymentPostprocessing = 0;
		};
		E49CB4181D2E5CF5005242D1 /* Frameworks */ = {
			isa = PBXFrameworksBuildPhase;
			buildActionMask = 2147483647;
			files = (
			);
			runOnlyForDeploymentPostprocessing = 0;
		};
/* End PBXFrameworksBuildPhase section */

/* Begin PBXGroup section */
		E49CB3EB1D2E5CF5005242D1 = {
			isa = PBXGroup;
			children = (
				E49CB3F61D2E5CF5005242D1 /* TODO */,
				E49CB4131D2E5CF5005242D1 /* TODOTests */,
				E49CB41E1D2E5CF5005242D1 /* TODOUITests */,
				E49CB3F51D2E5CF5005242D1 /* Products */,
			);
			sourceTree = "<group>";
		};
		E49CB3F51D2E5CF5005242D1 /* Products */ = {
			isa = PBXGroup;
			children = (
				E49CB3F41D2E5CF5005242D1 /* TODO.app */,
				E49CB4101D2E5CF5005242D1 /* TODOTests.xctest */,
				E49CB41B1D2E5CF5005242D1 /* TODOUITests.xctest */,
			);
			name = Products;
			sourceTree = "<group>";
		};
		E49CB3F61D2E5CF5005242D1 /* TODO */ = {
			isa = PBXGroup;
			children = (
				E49CB3FA1D2E5CF5005242D1 /* AppDelegate.h */,
				E49CB3FB1D2E5CF5005242D1 /* AppDelegate.m */,
				E49CB3FD1D2E5CF5005242D1 /* ViewController.h */,
				E49CB3FE1D2E5CF5005242D1 /* ViewController.m */,
				E49CB4001D2E5CF5005242D1 /* Main.storyboard */,
				E49CB4061D2E5CF5005242D1 /* Assets.xcassets */,
				E49CB4081D2E5CF5005242D1 /* LaunchScreen.storyboard */,
				E49CB40B1D2E5CF5005242D1 /* Info.plist */,
				E49CB4031D2E5CF5005242D1 /* TODO.xcdatamodeld */,
				E49CB3F71D2E5CF5005242D1 /* Supporting Files */,
			);
			path = TODO;
			sourceTree = "<group>";
		};
		E49CB3F71D2E5CF5005242D1 /* Supporting Files */ = {
			isa = PBXGroup;
			children = (
				E49CB3F81D2E5CF5005242D1 /* main.m */,
			);
			name = "Supporting Files";
			sourceTree = "<group>";
		};
		E49CB4131D2E5CF5005242D1 /* TODOTests */ = {
			isa = PBXGroup;
			children = (
				E49CB4141D2E5CF5005242D1 /* TODOTests.m */,
				E49CB4161D2E5CF5005242D1 /* Info.plist */,
			);
			path = TODOTests;
			sourceTree = "<group>";
		};
		E49CB41E1D2E5CF5005242D1 /* TODOUITests */ = {
			isa = PBXGroup;
			children = (
				E49CB41F1D2E5CF5005242D1 /* TODOUITests.m */,
				E49CB4211D2E5CF5005242D1 /* Info.plist */,
			);
			path = TODOUITests;
			sourceTree = "<group>";
		};
/* End PBXGroup section */

/* Begin PBXNativeTarget section */
		E49CB3F31D2E5CF5005242D1 /* TODO */ = {
			isa = PBXNativeTarget;
			buildConfigurationList = E49CB4241D2E5CF5005242D1 /* Build configuration list for PBXNativeTarget "TODO" */;
			buildPhases = (
				E49CB3F01D2E5CF5005242D1 /* Sources */,
				E49CB3F11D2E5CF5005242D1 /* Frameworks */,
				E49CB3F21D2E5CF5005242D1 /* Resources */,
			);
			buildRules = (
			);
			dependencies = (
			);
			name = TODO;
			productName = TODO;
			productReference = E49CB3F41D2E5CF5005242D1 /* TODO.app */;
			productType = "com.apple.product-type.application";
		};
		E49CB40F1D2E5CF5005242D1 /* TODOTests */ = {
			isa = PBXNativeTarget;
			buildConfigurationList = E49CB4271D2E5CF5005242D1 /* Build configuration list for PBXNativeTarget "TODOTests" */;
			buildPhases = (
				E49CB40C1D2E5CF5005242D1 /* Sources */,
				E49CB40D1D2E5CF5005242D1 /* Frameworks */,
				E49CB40E1D2E5CF5005242D1 /* Resources */,
			);
			buildRules = (
			);
			dependencies = (
				E49CB4121D2E5CF5005242D1 /* PBXTargetDependency */,
			);
			name = TODOTests;
			productName = TODOTests;
			productReference = E49CB4101D2E5CF5005242D1 /* TODOTests.xctest */;
			productType = "com.apple.product-type.bundle.unit-test";
		};
		E49CB41A1D2E5CF5005242D1 /* TODOUITests */ = {
			isa = PBXNativeTarget;
			buildConfigurationList = E49CB42A1D2E5CF5005242D1 /* Build configuration list for PBXNativeTarget "TODOUITests" */;
			buildPhases = (
				E49CB4171D2E5CF5005242D1 /* Sources */,
				E49CB4181D2E5CF5005242D1 /* Frameworks */,
				E49CB4191D2E5CF5005242D1 /* Resources */,
			);
			buildRules = (
			);
			dependencies = (
				E49CB41D1D2E5CF5005242D1 /* PBXTargetDependency */,
			);
			name = TODOUITests;
			productName = TODOUITests;
			productReference = E49CB41B1D2E5CF5005242D1 /* TODOUITests.xctest */;
			productType = "com.apple.product-type.bundle.ui-testing";
		};
/* End PBXNativeTarget section */

/* Begin PBXProject section */
		E49CB3EC1D2E5CF5005242D1 /* Project object */ = {
			isa = PBXProject;
			attributes = {
				LastUpgradeCheck = 0730;
				ORGANIZATIONNAME = zhangwei;
				TargetAttributes = {
					E49CB3F31D2E5CF5005242D1 = {
						CreatedOnToolsVersion = 7.3.1;
					};
					E49CB40F1D2E5CF5005242D1 = {
						CreatedOnToolsVersion = 7.3.1;
						TestTargetID = E49CB3F31D2E5CF5005242D1;
					};
					E49CB41A1D2E5CF5005242D1 = {
						CreatedOnToolsVersion = 7.3.1;
						TestTargetID = E49CB3F31D2E5CF5005242D1;
					};
				};
			};
			buildConfigurationList = E49CB3EF1D2E5CF5005242D1 /* Build configuration list for PBXProject "TODO" */;
			compatibilityVersion = "Xcode 3.2";
			developmentRegion = English;
			hasScannedForEncodings = 0;
			knownRegions = (
				en,
				Base,
			);
			mainGroup = E49CB3EB1D2E5CF5005242D1;
			productRefGroup = E49CB3F51D2E5CF5005242D1 /* Products */;
			projectDirPath = "";
			projectRoot = "";
			targets = (
				E49CB3F31D2E5CF5005242D1 /* TODO */,
				E49CB40F1D2E5CF5005242D1 /* TODOTests */,
				E49CB41A1D2E5CF5005242D1 /* TODOUITests */,
			);
		};
/* End PBXProject section */

/* Begin PBXResourcesBuildPhase section */
		E49CB3F21D2E5CF5005242D1 /* Resources */ = {
			isa = PBXResourcesBuildPhase;
			buildActionMask = 2147483647;
			files = (
				E49CB40A1D2E5CF5005242D1 /* LaunchScreen.storyboard in Resources */,
				E49CB4071D2E5CF5005242D1 /* Assets.xcassets in Resources */,
				E49CB4021D2E5CF5005242D1 /* Main.storyboard in Resources */,
			);
			runOnlyForDeploymentPostprocessing = 0;
		};
		E49CB40E1D2E5CF5005242D1 /* Resources */ = {
			isa = PBXResourcesBuildPhase;
			buildActionMask = 2147483647;
			files = (
			);
			runOnlyForDeploymentPostprocessing = 0;
		};
		E49CB4191D2E5CF5005242D1 /* Resources */ = {
			isa = PBXResourcesBuildPhase;
			buildActionMask = 2147483647;
			files = (
			);
			runOnlyForDeploymentPostprocessing = 0;
		};
/* End PBXResourcesBuildPhase section */

/* Begin PBXSourcesBuildPhase section */
		E49CB3F01D2E5CF5005242D1 /* Sources */ = {
			isa = PBXSourcesBuildPhase;
			buildActionMask = 2147483647;
			files = (
				E49CB3FF1D2E5CF5005242D1 /* ViewController.m in Sources */,
				E49CB3FC1D2E5CF5005242D1 /* AppDelegate.m in Sources */,
				E49CB3F91D2E5CF5005242D1 /* main.m in Sources */,
				E49CB4051D2E5CF5005242D1 /* TODO.xcdatamodeld in Sources */,
			);
			runOnlyForDeploymentPostprocessing = 0;
		};
		E49CB40C1D2E5CF5005242D1 /* Sources */ = {
			isa = PBXSourcesBuildPhase;
			buildActionMask = 2147483647;
			files = (
				E49CB4151D2E5CF5005242D1 /* TODOTests.m in Sources */,
			);
			runOnlyForDeploymentPostprocessing = 0;
		};
		E49CB4171D2E5CF5005242D1 /* Sources */ = {
			isa = PBXSourcesBuildPhase;
			buildActionMask = 2147483647;
			files = (
				E49CB4201D2E5CF5005242D1 /* TODOUITests.m in Sources */,
			);
			runOnlyForDeploymentPostprocessing = 0;
		};
/* End PBXSourcesBuildPhase section */

/* Begin PBXTargetDependency section */
		E49CB4121D2E5CF5005242D1 /* PBXTargetDependency */ = {
			isa = PBXTargetDependency;
			target = E49CB3F31D2E5CF5005242D1 /* TODO */;
			targetProxy = E49CB4111D2E5CF5005242D1 /* PBXContainerItemProxy */;
		};
		E49CB41D1D2E5CF5005242D1 /* PBXTargetDependency */ = {
			isa = PBXTargetDependency;
			target = E49CB3F31D2E5CF5005242D1 /* TODO */;
			targetProxy = E49CB41C1D2E5CF5005242D1 /* PBXContainerItemProxy */;
		};
/* End PBXTargetDependency section */

/* Begin PBXVariantGroup section */
		E49CB4001D2E5CF5005242D1 /* Main.storyboard */ = {
			isa = PBXVariantGroup;
			children = (
				E49CB4011D2E5CF5005242D1 /* Base */,
			);
			name = Main.storyboard;
			sourceTree = "<group>";
		};
		E49CB4081D2E5CF5005242D1 /* LaunchScreen.storyboard */ = {
			isa = PBXVariantGroup;
			children = (
				E49CB4091D2E5CF5005242D1 /* Base */,
			);
			name = LaunchScreen.storyboard;
			sourceTree = "<group>";
		};
/* End PBXVariantGroup section */

/* Begin XCBuildConfiguration section */
		E49CB4221D2E5CF5005242D1 /* Debug */ = {
			isa = XCBuildConfiguration;
			buildSettings = {
				ALWAYS_SEARCH_USER_PATHS = NO;
				CLANG_ANALYZER_NONNULL = YES;
				CLANG_CXX_LANGUAGE_STANDARD = "gnu++0x";
				CLANG_CXX_LIBRARY = "libc++";
				CLANG_ENABLE_MODULES = YES;
				CLANG_ENABLE_OBJC_ARC = YES;
				CLANG_WARN_BOOL_CONVERSION = YES;
				CLANG_WARN_CONSTANT_CONVERSION = YES;
				CLANG_WARN_DIRECT_OBJC_ISA_USAGE = YES_ERROR;
				CLANG_WARN_EMPTY_BODY = YES;
				CLANG_WARN_ENUM_CONVERSION = YES;
				CLANG_WARN_INT_CONVERSION = YES;
				CLANG_WARN_OBJC_ROOT_CLASS = YES_ERROR;
				CLANG_WARN_UNREACHABLE_CODE = YES;
				CLANG_WARN__DUPLICATE_METHOD_MATCH = YES;
				"CODE_SIGN_IDENTITY[sdk=iphoneos*]" = "iPhone Developer";
				COPY_PHASE_STRIP = NO;
				DEBUG_INFORMATION_FORMAT = dwarf;
				ENABLE_STRICT_OBJC_MSGSEND = YES;
				ENABLE_TESTABILITY = YES;
				GCC_C_LANGUAGE_STANDARD = gnu99;
				GCC_DYNAMIC_NO_PIC = NO;
				GCC_NO_COMMON_BLOCKS = YES;
				GCC_OPTIMIZATION_LEVEL = 0;
				GCC_PREPROCESSOR_DEFINITIONS = (
					"DEBUG=1",
					"$(inherited)",
				);
				GCC_WARN_64_TO_32_BIT_CONVERSION = YES;
				GCC_WARN_ABOUT_RETURN_TYPE = YES_ERROR;
				GCC_WARN_UNDECLARED_SELECTOR = YES;
				GCC_WARN_UNINITIALIZED_AUTOS = YES_AGGRESSIVE;
				GCC_WARN_UNUSED_FUNCTION = YES;
				GCC_WARN_UNUSED_VARIABLE = YES;
				IPHONEOS_DEPLOYMENT_TARGET = 9.3;
				MTL_ENABLE_DEBUG_INFO = YES;
				ONLY_ACTIVE_ARCH = YES;
				SDKROOT = iphoneos;
				TARGETED_DEVICE_FAMILY = "1,2";
			};
			name = Debug;
		};
		E49CB4231D2E5CF5005242D1 /* Release */ = {
			isa = XCBuildConfiguration;
			buildSettings = {
				ALWAYS_SEARCH_USER_PATHS = NO;
				CLANG_ANALYZER_NONNULL = YES;
				CLANG_CXX_LANGUAGE_STANDARD = "gnu++0x";
				CLANG_CXX_LIBRARY = "libc++";
				CLANG_ENABLE_MODULES = YES;
				CLANG_ENABLE_OBJC_ARC = YES;
				CLANG_WARN_BOOL_CONVERSION = YES;
				CLANG_WARN_CONSTANT_CONVERSION = YES;
				CLANG_WARN_DIRECT_OBJC_ISA_USAGE = YES_ERROR;
				CLANG_WARN_EMPTY_BODY = YES;
				CLANG_WARN_ENUM_CONVERSION = YES;
				CLANG_WARN_INT_CONVERSION = YES;
				CLANG_WARN_OBJC_ROOT_CLASS = YES_ERROR;
				CLANG_WARN_UNREACHABLE_CODE = YES;
				CLANG_WARN__DUPLICATE_METHOD_MATCH = YES;
				"CODE_SIGN_IDENTITY[sdk=iphoneos*]" = "iPhone Developer";
				COPY_PHASE_STRIP = NO;
				DEBUG_INFORMATION_FORMAT = "dwarf-with-dsym";
				ENABLE_NS_ASSERTIONS = NO;
				ENABLE_STRICT_OBJC_MSGSEND = YES;
				GCC_C_LANGUAGE_STANDARD = gnu99;
				GCC_NO_COMMON_BLOCKS = YES;
				GCC_WARN_64_TO_32_BIT_CONVERSION = YES;
				GCC_WARN_ABOUT_RETURN_TYPE = YES_ERROR;
				GCC_WARN_UNDECLARED_SELECTOR = YES;
				GCC_WARN_UNINITIALIZED_AUTOS = YES_AGGRESSIVE;
				GCC_WARN_UNUSED_FUNCTION = YES;
				GCC_WARN_UNUSED_VARIABLE = YES;
				IPHONEOS_DEPLOYMENT_TARGET = 9.3;
				MTL_ENABLE_DEBUG_INFO = NO;
				SDKROOT = iphoneos;
				TARGETED_DEVICE_FAMILY = "1,2";
				VALIDATE_PRODUCT = YES;
			};
			name = Release;
		};
		E49CB4251D2E5CF5005242D1 /* Debug */ = {
			isa = XCBuildConfiguration;
			buildSettings = {
				ASSETCATALOG_COMPILER_APPICON_NAME = AppIcon;
				INFOPLIST_FILE = TODO/Info.plist;
				LD_RUNPATH_SEARCH_PATHS = "$(inherited) @executable_path/Frameworks";
				PRODUCT_BUNDLE_IDENTIFIER = com.zhangwei.TODO;
				PRODUCT_NAME = "$(TARGET_NAME)";
			};
			name = Debug;
		};
		E49CB4261D2E5CF5005242D1 /* Release */ = {
			isa = XCBuildConfiguration;
			buildSettings = {
				ASSETCATALOG_COMPILER_APPICON_NAME = AppIcon;
				INFOPLIST_FILE = TODO/Info.plist;
				LD_RUNPATH_SEARCH_PATHS = "$(inherited) @executable_path/Frameworks";
				PRODUCT_BUNDLE_IDENTIFIER = com.zhangwei.TODO;
				PRODUCT_NAME = "$(TARGET_NAME)";
			};
			name = Release;
		};
		E49CB4281D2E5CF5005242D1 /* Debug */ = {
			isa = XCBuildConfiguration;
			buildSettings = {
				BUNDLE_LOADER = "$(TEST_HOST)";
				INFOPLIST_FILE = TODOTests/Info.plist;
				LD_RUNPATH_SEARCH_PATHS = "$(inherited) @executable_path/Frameworks @loader_path/Frameworks";
				PRODUCT_BUNDLE_IDENTIFIER = com.zhangwei.TODOTests;
				PRODUCT_NAME = "$(TARGET_NAME)";
				TEST_HOST = "$(BUILT_PRODUCTS_DIR)/TODO.app/TODO";
			};
			name = Debug;
		};
		E49CB4291D2E5CF5005242D1 /* Release */ = {
			isa = XCBuildConfiguration;
			buildSettings = {
				BUNDLE_LOADER = "$(TEST_HOST)";
				INFOPLIST_FILE = TODOTests/Info.plist;
				LD_RUNPATH_SEARCH_PATHS = "$(inherited) @executable_path/Frameworks @loader_path/Frameworks";
				PRODUCT_BUNDLE_IDENTIFIER = com.zhangwei.TODOTests;
				PRODUCT_NAME = "$(TARGET_NAME)";
				TEST_HOST = "$(BUILT_PRODUCTS_DIR)/TODO.app/TODO";
			};
			name = Release;
		};
		E49CB42B1D2E5CF5005242D1 /* Debug */ = {
			isa = XCBuildConfiguration;
			buildSettings = {
				INFOPLIST_FILE = TODOUITests/Info.plist;
				LD_RUNPATH_SEARCH_PATHS = "$(inherited) @executable_path/Frameworks @loader_path/Frameworks";
				PRODUCT_BUNDLE_IDENTIFIER = com.zhangwei.TODOUITests;
				PRODUCT_NAME = "$(TARGET_NAME)";
				TEST_TARGET_NAME = TODO;
			};
			name = Debug;
		};
		E49CB42C1D2E5CF5005242D1 /* Release */ = {
			isa = XCBuildConfiguration;
			buildSettings = {
				INFOPLIST_FILE = TODOUITests/Info.plist;
				LD_RUNPATH_SEARCH_PATHS = "$(inherited) @executable_path/Frameworks @loader_path/Frameworks";
				PRODUCT_BUNDLE_IDENTIFIER = com.zhangwei.TODOUITests;
				PRODUCT_NAME = "$(TARGET_NAME)";
				TEST_TARGET_NAME = TODO;
			};
			name = Release;
		};
/* End XCBuildConfiguration section */

/* Begin XCConfigurationList section */
		E49CB3EF1D2E5CF5005242D1 /* Build configuration list for PBXProject "TODO" */ = {
			isa = XCConfigurationList;
			buildConfigurations = (
				E49CB4221D2E5CF5005242D1 /* Debug */,
				E49CB4231D2E5CF5005242D1 /* Release */,
			);
			defaultConfigurationIsVisible = 0;
			defaultConfigurationName = Release;
		};
		E49CB4241D2E5CF5005242D1 /* Build configuration list for PBXNativeTarget "TODO" */ = {
			isa = XCConfigurationList;
			buildConfigurations = (
				E49CB4251D2E5CF5005242D1 /* Debug */,
				E49CB4261D2E5CF5005242D1 /* Release */,
			);
			defaultConfigurationIsVisible = 0;
		};
		E49CB4271D2E5CF5005242D1 /* Build configuration list for PBXNativeTarget "TODOTests" */ = {
			isa = XCConfigurationList;
			buildConfigurations = (
				E49CB4281D2E5CF5005242D1 /* Debug */,
				E49CB4291D2E5CF5005242D1 /* Release */,
			);
			defaultConfigurationIsVisible = 0;
		};
		E49CB42A1D2E5CF5005242D1 /* Build configuration list for PBXNativeTarget "TODOUITests" */ = {
			isa = XCConfigurationList;
			buildConfigurations = (
				E49CB42B1D2E5CF5005242D1 /* Debug */,
				E49CB42C1D2E5CF5005242D1 /* Release */,
			);
			defaultConfigurationIsVisible = 0;
		};
/* End XCConfigurationList section */

/* Begin XCVersionGroup section */
		E49CB4031D2E5CF5005242D1 /* TODO.xcdatamodeld */ = {
			isa = XCVersionGroup;
			children = (
				E49CB4041D2E5CF5005242D1 /* TODO.xcdatamodel */,
			);
			currentVersion = E49CB4041D2E5CF5005242D1 /* TODO.xcdatamodel */;
			path = TODO.xcdatamodeld;
			sourceTree = "<group>";
			versionGroupType = wrapper.xcdatamodel;
		};
/* End XCVersionGroup section */
	};
	rootObject = E49CB3EC1D2E5CF5005242D1 /* Project object */;
}
